// !$*UTF8*$!
{
	archiveVersion = 1;
	classes = {
	};
	objectVersion = 55;
	objects = {

/* Begin PBXBuildFile section */
		5D06EB68290EE73300FAA456 /* VideoPlayerOverlay.swift in Sources */ = {isa = PBXBuildFile; fileRef = 5D06EB67290EE73300FAA456 /* VideoPlayerOverlay.swift */; };
		5D0F9E6D28344FC400B99F98 /* Cocktail_PantryApp.swift in Sources */ = {isa = PBXBuildFile; fileRef = 5D0F9E6C28344FC400B99F98 /* Cocktail_PantryApp.swift */; };
		5D0F9E6F28344FC400B99F98 /* ContentView.swift in Sources */ = {isa = PBXBuildFile; fileRef = 5D0F9E6E28344FC400B99F98 /* ContentView.swift */; };
		5D0F9E7128344FC400B99F98 /* Assets.xcassets in Resources */ = {isa = PBXBuildFile; fileRef = 5D0F9E7028344FC400B99F98 /* Assets.xcassets */; };
		5D0F9E7428344FC400B99F98 /* Preview Assets.xcassets in Resources */ = {isa = PBXBuildFile; fileRef = 5D0F9E7328344FC400B99F98 /* Preview Assets.xcassets */; };
		5D0F9E7E28344FC400B99F98 /* Cocktail_PantryTests.swift in Sources */ = {isa = PBXBuildFile; fileRef = 5D0F9E7D28344FC400B99F98 /* Cocktail_PantryTests.swift */; };
		5D0F9E8828344FC400B99F98 /* Cocktail_PantryUITests.swift in Sources */ = {isa = PBXBuildFile; fileRef = 5D0F9E8728344FC400B99F98 /* Cocktail_PantryUITests.swift */; };
		5D0F9E8A28344FC400B99F98 /* Cocktail_PantryUITestsLaunchTests.swift in Sources */ = {isa = PBXBuildFile; fileRef = 5D0F9E8928344FC400B99F98 /* Cocktail_PantryUITestsLaunchTests.swift */; };
		5D0F9E9728344FF500B99F98 /* Global Structs+Enums.swift in Sources */ = {isa = PBXBuildFile; fileRef = 5D0F9E9628344FF500B99F98 /* Global Structs+Enums.swift */; };
		5D0F9E99283486F400B99F98 /* Model.swift in Sources */ = {isa = PBXBuildFile; fileRef = 5D0F9E98283486F400B99F98 /* Model.swift */; };
		5D0F9E9B2836B5D800B99F98 /* Array Extention.swift in Sources */ = {isa = PBXBuildFile; fileRef = 5D0F9E9A2836B5D800B99F98 /* Array Extention.swift */; };
		5D0F9E9D2836BB5800B99F98 /* ViewModel.swift in Sources */ = {isa = PBXBuildFile; fileRef = 5D0F9E9C2836BB5800B99F98 /* ViewModel.swift */; };
		5D0F9E9F2836BFB900B99F98 /* IngredientSelectList.swift in Sources */ = {isa = PBXBuildFile; fileRef = 5D0F9E9E2836BFB900B99F98 /* IngredientSelectList.swift */; };
		5D1E920629296ED300A04345 /* ImagePlaceholder.swift in Sources */ = {isa = PBXBuildFile; fileRef = 5D1E920529296ED300A04345 /* ImagePlaceholder.swift */; };
		5D34F93A2936FB9700F669E4 /* StoreTab.swift in Sources */ = {isa = PBXBuildFile; fileRef = 5D34F9392936FB9700F669E4 /* StoreTab.swift */; };
		5D34F93C29370A8500F669E4 /* SavedTab.swift in Sources */ = {isa = PBXBuildFile; fileRef = 5D34F93B29370A8500F669E4 /* SavedTab.swift */; };
		5D34F93E2938327F00F669E4 /* ExploreTab.swift in Sources */ = {isa = PBXBuildFile; fileRef = 5D34F93D2938327F00F669E4 /* ExploreTab.swift */; };
		5D34F940293832F700F669E4 /* PhotoOnlyCard.swift in Sources */ = {isa = PBXBuildFile; fileRef = 5D34F93F293832F700F669E4 /* PhotoOnlyCard.swift */; };
		5D34F942293D001700F669E4 /* CustomAsyncImage.swift in Sources */ = {isa = PBXBuildFile; fileRef = 5D34F941293D001700F669E4 /* CustomAsyncImage.swift */; };
		5D34F944293FA30F00F669E4 /* HomeTab.swift in Sources */ = {isa = PBXBuildFile; fileRef = 5D34F943293FA30F00F669E4 /* HomeTab.swift */; };
		5D34F94B2942812E00F669E4 /* Teko-Light.ttf in Resources */ = {isa = PBXBuildFile; fileRef = 5D34F9462942812E00F669E4 /* Teko-Light.ttf */; };
		5D34F94C2942812E00F669E4 /* Teko-Medium.ttf in Resources */ = {isa = PBXBuildFile; fileRef = 5D34F9472942812E00F669E4 /* Teko-Medium.ttf */; };
		5D34F94D2942812E00F669E4 /* Teko-Bold.ttf in Resources */ = {isa = PBXBuildFile; fileRef = 5D34F9482942812E00F669E4 /* Teko-Bold.ttf */; };
		5D34F94E2942812E00F669E4 /* Teko-SemiBold.ttf in Resources */ = {isa = PBXBuildFile; fileRef = 5D34F9492942812E00F669E4 /* Teko-SemiBold.ttf */; };
		5D34F94F2942812E00F669E4 /* Teko-Regular.ttf in Resources */ = {isa = PBXBuildFile; fileRef = 5D34F94A2942812E00F669E4 /* Teko-Regular.ttf */; };
		5D34F9522942AFFF00F669E4 /* Font add-ons.swift in Sources */ = {isa = PBXBuildFile; fileRef = 5D34F9512942AFFF00F669E4 /* Font add-ons.swift */; };
		5D71CAD1292FF0E900C88B81 /* TestTips.storekit in Resources */ = {isa = PBXBuildFile; fileRef = 5D71CAD0292FF0E900C88B81 /* TestTips.storekit */; };
		5D984F9929352BE300FF3A5F /* ActualLaunchScreen.storyboard in Resources */ = {isa = PBXBuildFile; fileRef = 5D984F9829352BE300FF3A5F /* ActualLaunchScreen.storyboard */; };
		5D9C4E9C284EB58C00241202 /* Disk in Frameworks */ = {isa = PBXBuildFile; productRef = 5D9C4E9B284EB58C00241202 /* Disk */; };
		5D9C4E9E284F113900241202 /* TipView.swift in Sources */ = {isa = PBXBuildFile; fileRef = 5D9C4E9D284F113900241202 /* TipView.swift */; };
		5DBEFB55283DAD4B0006C326 /* CocktailCard.swift in Sources */ = {isa = PBXBuildFile; fileRef = 5DBEFB54283DAD4B0006C326 /* CocktailCard.swift */; };
		5DBEFB57283DAE170006C326 /* CocktailPage.swift in Sources */ = {isa = PBXBuildFile; fileRef = 5DBEFB56283DAE170006C326 /* CocktailPage.swift */; };
		5DBEFB5A283DAF0A0006C326 /* YouTubePlayerKit in Frameworks */ = {isa = PBXBuildFile; productRef = 5DBEFB59283DAF0A0006C326 /* YouTubePlayerKit */; };
		5DD504392845634B0095CEE1 /* SimpleSearchPage.swift in Sources */ = {isa = PBXBuildFile; fileRef = 5DD504382845634B0095CEE1 /* SimpleSearchPage.swift */; };
		5DD5043B284567610095CEE1 /* ChangeableFilteringList.swift in Sources */ = {isa = PBXBuildFile; fileRef = 5DD5043A284567610095CEE1 /* ChangeableFilteringList.swift */; };
		5DE4DD45295CB083007F9C70 /* AllIngredientsPage.swift in Sources */ = {isa = PBXBuildFile; fileRef = 5DE4DD44295CB083007F9C70 /* AllIngredientsPage.swift */; };
		5DED7CEF2922B5C400112DA5 /* TipViewV2.swift in Sources */ = {isa = PBXBuildFile; fileRef = 5DED7CEE2922B5C400112DA5 /* TipViewV2.swift */; };
/* End PBXBuildFile section */

/* Begin PBXContainerItemProxy section */
		5D0F9E7A28344FC400B99F98 /* PBXContainerItemProxy */ = {
			isa = PBXContainerItemProxy;
			containerPortal = 5D0F9E6128344FC400B99F98 /* Project object */;
			proxyType = 1;
			remoteGlobalIDString = 5D0F9E6828344FC400B99F98;
			remoteInfo = Cocktail_Pantry;
		};
		5D0F9E8428344FC400B99F98 /* PBXContainerItemProxy */ = {
			isa = PBXContainerItemProxy;
			containerPortal = 5D0F9E6128344FC400B99F98 /* Project object */;
			proxyType = 1;
			remoteGlobalIDString = 5D0F9E6828344FC400B99F98;
			remoteInfo = Cocktail_Pantry;
		};
/* End PBXContainerItemProxy section */

/* Begin PBXFileReference section */
		5D06EB67290EE73300FAA456 /* VideoPlayerOverlay.swift */ = {isa = PBXFileReference; lastKnownFileType = sourcecode.swift; path = VideoPlayerOverlay.swift; sourceTree = "<group>"; };
		5D0F9E6928344FC400B99F98 /* Cocktail_Pantry.app */ = {isa = PBXFileReference; explicitFileType = wrapper.application; includeInIndex = 0; path = Cocktail_Pantry.app; sourceTree = BUILT_PRODUCTS_DIR; };
		5D0F9E6C28344FC400B99F98 /* Cocktail_PantryApp.swift */ = {isa = PBXFileReference; lastKnownFileType = sourcecode.swift; path = Cocktail_PantryApp.swift; sourceTree = "<group>"; };
		5D0F9E6E28344FC400B99F98 /* ContentView.swift */ = {isa = PBXFileReference; lastKnownFileType = sourcecode.swift; path = ContentView.swift; sourceTree = "<group>"; };
		5D0F9E7028344FC400B99F98 /* Assets.xcassets */ = {isa = PBXFileReference; lastKnownFileType = folder.assetcatalog; path = Assets.xcassets; sourceTree = "<group>"; };
		5D0F9E7328344FC400B99F98 /* Preview Assets.xcassets */ = {isa = PBXFileReference; lastKnownFileType = folder.assetcatalog; path = "Preview Assets.xcassets"; sourceTree = "<group>"; };
		5D0F9E7928344FC400B99F98 /* Cocktail_PantryTests.xctest */ = {isa = PBXFileReference; explicitFileType = wrapper.cfbundle; includeInIndex = 0; path = Cocktail_PantryTests.xctest; sourceTree = BUILT_PRODUCTS_DIR; };
		5D0F9E7D28344FC400B99F98 /* Cocktail_PantryTests.swift */ = {isa = PBXFileReference; lastKnownFileType = sourcecode.swift; path = Cocktail_PantryTests.swift; sourceTree = "<group>"; };
		5D0F9E8328344FC400B99F98 /* Cocktail_PantryUITests.xctest */ = {isa = PBXFileReference; explicitFileType = wrapper.cfbundle; includeInIndex = 0; path = Cocktail_PantryUITests.xctest; sourceTree = BUILT_PRODUCTS_DIR; };
		5D0F9E8728344FC400B99F98 /* Cocktail_PantryUITests.swift */ = {isa = PBXFileReference; lastKnownFileType = sourcecode.swift; path = Cocktail_PantryUITests.swift; sourceTree = "<group>"; };
		5D0F9E8928344FC400B99F98 /* Cocktail_PantryUITestsLaunchTests.swift */ = {isa = PBXFileReference; lastKnownFileType = sourcecode.swift; path = Cocktail_PantryUITestsLaunchTests.swift; sourceTree = "<group>"; };
		5D0F9E9628344FF500B99F98 /* Global Structs+Enums.swift */ = {isa = PBXFileReference; lastKnownFileType = sourcecode.swift; path = "Global Structs+Enums.swift"; sourceTree = "<group>"; };
		5D0F9E98283486F400B99F98 /* Model.swift */ = {isa = PBXFileReference; lastKnownFileType = sourcecode.swift; path = Model.swift; sourceTree = "<group>"; };
		5D0F9E9A2836B5D800B99F98 /* Array Extention.swift */ = {isa = PBXFileReference; lastKnownFileType = sourcecode.swift; path = "Array Extention.swift"; sourceTree = "<group>"; };
		5D0F9E9C2836BB5800B99F98 /* ViewModel.swift */ = {isa = PBXFileReference; lastKnownFileType = sourcecode.swift; path = ViewModel.swift; sourceTree = "<group>"; };
		5D0F9E9E2836BFB900B99F98 /* IngredientSelectList.swift */ = {isa = PBXFileReference; lastKnownFileType = sourcecode.swift; path = IngredientSelectList.swift; sourceTree = "<group>"; };
		5D1E920529296ED300A04345 /* ImagePlaceholder.swift */ = {isa = PBXFileReference; lastKnownFileType = sourcecode.swift; path = ImagePlaceholder.swift; sourceTree = "<group>"; };
		5D34F9392936FB9700F669E4 /* StoreTab.swift */ = {isa = PBXFileReference; lastKnownFileType = sourcecode.swift; path = StoreTab.swift; sourceTree = "<group>"; };
		5D34F93B29370A8500F669E4 /* SavedTab.swift */ = {isa = PBXFileReference; lastKnownFileType = sourcecode.swift; path = SavedTab.swift; sourceTree = "<group>"; };
		5D34F93D2938327F00F669E4 /* ExploreTab.swift */ = {isa = PBXFileReference; lastKnownFileType = sourcecode.swift; path = ExploreTab.swift; sourceTree = "<group>"; };
		5D34F93F293832F700F669E4 /* PhotoOnlyCard.swift */ = {isa = PBXFileReference; lastKnownFileType = sourcecode.swift; path = PhotoOnlyCard.swift; sourceTree = "<group>"; };
		5D34F941293D001700F669E4 /* CustomAsyncImage.swift */ = {isa = PBXFileReference; lastKnownFileType = sourcecode.swift; path = CustomAsyncImage.swift; sourceTree = "<group>"; };
		5D34F943293FA30F00F669E4 /* HomeTab.swift */ = {isa = PBXFileReference; lastKnownFileType = sourcecode.swift; path = HomeTab.swift; sourceTree = "<group>"; };
		5D34F9462942812E00F669E4 /* Teko-Light.ttf */ = {isa = PBXFileReference; lastKnownFileType = file; path = "Teko-Light.ttf"; sourceTree = "<group>"; };
		5D34F9472942812E00F669E4 /* Teko-Medium.ttf */ = {isa = PBXFileReference; lastKnownFileType = file; path = "Teko-Medium.ttf"; sourceTree = "<group>"; };
		5D34F9482942812E00F669E4 /* Teko-Bold.ttf */ = {isa = PBXFileReference; lastKnownFileType = file; path = "Teko-Bold.ttf"; sourceTree = "<group>"; };
		5D34F9492942812E00F669E4 /* Teko-SemiBold.ttf */ = {isa = PBXFileReference; lastKnownFileType = file; path = "Teko-SemiBold.ttf"; sourceTree = "<group>"; };
		5D34F94A2942812E00F669E4 /* Teko-Regular.ttf */ = {isa = PBXFileReference; lastKnownFileType = file; path = "Teko-Regular.ttf"; sourceTree = "<group>"; };
		5D34F9502942879000F669E4 /* Cocktail-Pantry-Info.plist */ = {isa = PBXFileReference; lastKnownFileType = text.plist; path = "Cocktail-Pantry-Info.plist"; sourceTree = SOURCE_ROOT; };
		5D34F9512942AFFF00F669E4 /* Font add-ons.swift */ = {isa = PBXFileReference; lastKnownFileType = sourcecode.swift; path = "Font add-ons.swift"; sourceTree = "<group>"; };
		5D71CAD0292FF0E900C88B81 /* TestTips.storekit */ = {isa = PBXFileReference; lastKnownFileType = text; path = TestTips.storekit; sourceTree = "<group>"; };
		5D984F9829352BE300FF3A5F /* ActualLaunchScreen.storyboard */ = {isa = PBXFileReference; lastKnownFileType = file.storyboard; path = ActualLaunchScreen.storyboard; sourceTree = "<group>"; };
		5D9C4E9D284F113900241202 /* TipView.swift */ = {isa = PBXFileReference; lastKnownFileType = sourcecode.swift; path = TipView.swift; sourceTree = "<group>"; };
		5DBEFB54283DAD4B0006C326 /* CocktailCard.swift */ = {isa = PBXFileReference; lastKnownFileType = sourcecode.swift; path = CocktailCard.swift; sourceTree = "<group>"; };
		5DBEFB56283DAE170006C326 /* CocktailPage.swift */ = {isa = PBXFileReference; lastKnownFileType = sourcecode.swift; path = CocktailPage.swift; sourceTree = "<group>"; };
		5DD504382845634B0095CEE1 /* SimpleSearchPage.swift */ = {isa = PBXFileReference; lastKnownFileType = sourcecode.swift; path = SimpleSearchPage.swift; sourceTree = "<group>"; };
		5DD5043A284567610095CEE1 /* ChangeableFilteringList.swift */ = {isa = PBXFileReference; lastKnownFileType = sourcecode.swift; path = ChangeableFilteringList.swift; sourceTree = "<group>"; };
		5DE4DD44295CB083007F9C70 /* AllIngredientsPage.swift */ = {isa = PBXFileReference; lastKnownFileType = sourcecode.swift; path = AllIngredientsPage.swift; sourceTree = "<group>"; };
		5DED7CEE2922B5C400112DA5 /* TipViewV2.swift */ = {isa = PBXFileReference; lastKnownFileType = sourcecode.swift; path = TipViewV2.swift; sourceTree = "<group>"; };
/* End PBXFileReference section */

/* Begin PBXFrameworksBuildPhase section */
		5D0F9E6628344FC400B99F98 /* Frameworks */ = {
			isa = PBXFrameworksBuildPhase;
			buildActionMask = 2147483647;
			files = (
				5DBEFB5A283DAF0A0006C326 /* YouTubePlayerKit in Frameworks */,
				5D9C4E9C284EB58C00241202 /* Disk in Frameworks */,
			);
			runOnlyForDeploymentPostprocessing = 0;
		};
		5D0F9E7628344FC400B99F98 /* Frameworks */ = {
			isa = PBXFrameworksBuildPhase;
			buildActionMask = 2147483647;
			files = (
			);
			runOnlyForDeploymentPostprocessing = 0;
		};
		5D0F9E8028344FC400B99F98 /* Frameworks */ = {
			isa = PBXFrameworksBuildPhase;
			buildActionMask = 2147483647;
			files = (
			);
			runOnlyForDeploymentPostprocessing = 0;
		};
/* End PBXFrameworksBuildPhase section */

/* Begin PBXGroup section */
		5D0F9E6028344FC400B99F98 = {
			isa = PBXGroup;
			children = (
				5D0F9E6B28344FC400B99F98 /* Cocktail_Pantry */,
				5D0F9E7C28344FC400B99F98 /* Cocktail_PantryTests */,
				5D0F9E8628344FC400B99F98 /* Cocktail_PantryUITests */,
				5D0F9E6A28344FC400B99F98 /* Products */,
			);
			sourceTree = "<group>";
		};
		5D0F9E6A28344FC400B99F98 /* Products */ = {
			isa = PBXGroup;
			children = (
				5D0F9E6928344FC400B99F98 /* Cocktail_Pantry.app */,
				5D0F9E7928344FC400B99F98 /* Cocktail_PantryTests.xctest */,
				5D0F9E8328344FC400B99F98 /* Cocktail_PantryUITests.xctest */,
			);
			name = Products;
			sourceTree = "<group>";
		};
		5D0F9E6B28344FC400B99F98 /* Cocktail_Pantry */ = {
			isa = PBXGroup;
			children = (
				5D34F9502942879000F669E4 /* Cocktail-Pantry-Info.plist */,
				5D0F9E6C28344FC400B99F98 /* Cocktail_PantryApp.swift */,
				5D0F9E6E28344FC400B99F98 /* ContentView.swift */,
				5DBEFB5B283DAF260006C326 /* Views */,
				5D0F9E9628344FF500B99F98 /* Global Structs+Enums.swift */,
				5D0F9E9A2836B5D800B99F98 /* Array Extention.swift */,
				5D0F9E98283486F400B99F98 /* Model.swift */,
				5D0F9E9C2836BB5800B99F98 /* ViewModel.swift */,
				5D71CAD0292FF0E900C88B81 /* TestTips.storekit */,
				5D34F9452942810D00F669E4 /* Fonts */,
				5D0F9E7028344FC400B99F98 /* Assets.xcassets */,
				5D0F9E7228344FC400B99F98 /* Preview Content */,
			);
			path = Cocktail_Pantry;
			sourceTree = "<group>";
		};
		5D0F9E7228344FC400B99F98 /* Preview Content */ = {
			isa = PBXGroup;
			children = (
				5D0F9E7328344FC400B99F98 /* Preview Assets.xcassets */,
			);
			path = "Preview Content";
			sourceTree = "<group>";
		};
		5D0F9E7C28344FC400B99F98 /* Cocktail_PantryTests */ = {
			isa = PBXGroup;
			children = (
				5D0F9E7D28344FC400B99F98 /* Cocktail_PantryTests.swift */,
			);
			path = Cocktail_PantryTests;
			sourceTree = "<group>";
		};
		5D0F9E8628344FC400B99F98 /* Cocktail_PantryUITests */ = {
			isa = PBXGroup;
			children = (
				5D0F9E8728344FC400B99F98 /* Cocktail_PantryUITests.swift */,
				5D0F9E8928344FC400B99F98 /* Cocktail_PantryUITestsLaunchTests.swift */,
			);
			path = Cocktail_PantryUITests;
			sourceTree = "<group>";
		};
		5D34F9452942810D00F669E4 /* Fonts */ = {
			isa = PBXGroup;
			children = (
				5D34F9482942812E00F669E4 /* Teko-Bold.ttf */,
				5D34F9462942812E00F669E4 /* Teko-Light.ttf */,
				5D34F9472942812E00F669E4 /* Teko-Medium.ttf */,
				5D34F94A2942812E00F669E4 /* Teko-Regular.ttf */,
				5D34F9492942812E00F669E4 /* Teko-SemiBold.ttf */,
				5D34F9512942AFFF00F669E4 /* Font add-ons.swift */,
			);
			path = Fonts;
			sourceTree = "<group>";
		};
		5DBEFB5B283DAF260006C326 /* Views */ = {
			isa = PBXGroup;
			children = (
				5DE4DD3F295B8FEA007F9C70 /* Cocktail Cards */,
				5DE4DD40295B9017007F9C70 /* Tab Views */,
				5DE4DD42295B90CE007F9C70 /* Images */,
				5DE4DD43295B90E2007F9C70 /* Old or Unused */,
				5DBEFB56283DAE170006C326 /* CocktailPage.swift */,
				5DED7CEE2922B5C400112DA5 /* TipViewV2.swift */,
				5D984F9829352BE300FF3A5F /* ActualLaunchScreen.storyboard */,
			);
			path = Views;
			sourceTree = "<group>";
		};
		5DE4DD3F295B8FEA007F9C70 /* Cocktail Cards */ = {
			isa = PBXGroup;
			children = (
				5DBEFB54283DAD4B0006C326 /* CocktailCard.swift */,
				5D34F93F293832F700F669E4 /* PhotoOnlyCard.swift */,
			);
			path = "Cocktail Cards";
			sourceTree = "<group>";
		};
		5DE4DD40295B9017007F9C70 /* Tab Views */ = {
			isa = PBXGroup;
			children = (
				5DE4DD41295B9030007F9C70 /* Home Tab Views */,
				5D34F93D2938327F00F669E4 /* ExploreTab.swift */,
				5D34F93B29370A8500F669E4 /* SavedTab.swift */,
				5D34F9392936FB9700F669E4 /* StoreTab.swift */,
			);
			path = "Tab Views";
			sourceTree = "<group>";
		};
		5DE4DD41295B9030007F9C70 /* Home Tab Views */ = {
			isa = PBXGroup;
			children = (
				5D34F943293FA30F00F669E4 /* HomeTab.swift */,
				5D0F9E9E2836BFB900B99F98 /* IngredientSelectList.swift */,
				5DD504382845634B0095CEE1 /* SimpleSearchPage.swift */,
				5DE4DD44295CB083007F9C70 /* AllIngredientsPage.swift */,
			);
			path = "Home Tab Views";
			sourceTree = "<group>";
		};
		5DE4DD42295B90CE007F9C70 /* Images */ = {
			isa = PBXGroup;
			children = (
				5D34F941293D001700F669E4 /* CustomAsyncImage.swift */,
				5D1E920529296ED300A04345 /* ImagePlaceholder.swift */,
			);
			path = Images;
			sourceTree = "<group>";
		};
		5DE4DD43295B90E2007F9C70 /* Old or Unused */ = {
			isa = PBXGroup;
			children = (
				5DD5043A284567610095CEE1 /* ChangeableFilteringList.swift */,
				5D9C4E9D284F113900241202 /* TipView.swift */,
				5D06EB67290EE73300FAA456 /* VideoPlayerOverlay.swift */,
			);
			path = "Old or Unused";
			sourceTree = "<group>";
		};
/* End PBXGroup section */

/* Begin PBXNativeTarget section */
		5D0F9E6828344FC400B99F98 /* Cocktail_Pantry */ = {
			isa = PBXNativeTarget;
			buildConfigurationList = 5D0F9E8D28344FC400B99F98 /* Build configuration list for PBXNativeTarget "Cocktail_Pantry" */;
			buildPhases = (
				5D0F9E6528344FC400B99F98 /* Sources */,
				5D0F9E6628344FC400B99F98 /* Frameworks */,
				5D0F9E6728344FC400B99F98 /* Resources */,
			);
			buildRules = (
			);
			dependencies = (
			);
			name = Cocktail_Pantry;
			packageProductDependencies = (
				5DBEFB59283DAF0A0006C326 /* YouTubePlayerKit */,
				5D9C4E9B284EB58C00241202 /* Disk */,
			);
			productName = Cocktail_Pantry;
			productReference = 5D0F9E6928344FC400B99F98 /* Cocktail_Pantry.app */;
			productType = "com.apple.product-type.application";
		};
		5D0F9E7828344FC400B99F98 /* Cocktail_PantryTests */ = {
			isa = PBXNativeTarget;
			buildConfigurationList = 5D0F9E9028344FC400B99F98 /* Build configuration list for PBXNativeTarget "Cocktail_PantryTests" */;
			buildPhases = (
				5D0F9E7528344FC400B99F98 /* Sources */,
				5D0F9E7628344FC400B99F98 /* Frameworks */,
				5D0F9E7728344FC400B99F98 /* Resources */,
			);
			buildRules = (
			);
			dependencies = (
				5D0F9E7B28344FC400B99F98 /* PBXTargetDependency */,
			);
			name = Cocktail_PantryTests;
			productName = Cocktail_PantryTests;
			productReference = 5D0F9E7928344FC400B99F98 /* Cocktail_PantryTests.xctest */;
			productType = "com.apple.product-type.bundle.unit-test";
		};
		5D0F9E8228344FC400B99F98 /* Cocktail_PantryUITests */ = {
			isa = PBXNativeTarget;
			buildConfigurationList = 5D0F9E9328344FC400B99F98 /* Build configuration list for PBXNativeTarget "Cocktail_PantryUITests" */;
			buildPhases = (
				5D0F9E7F28344FC400B99F98 /* Sources */,
				5D0F9E8028344FC400B99F98 /* Frameworks */,
				5D0F9E8128344FC400B99F98 /* Resources */,
			);
			buildRules = (
			);
			dependencies = (
				5D0F9E8528344FC400B99F98 /* PBXTargetDependency */,
			);
			name = Cocktail_PantryUITests;
			productName = Cocktail_PantryUITests;
			productReference = 5D0F9E8328344FC400B99F98 /* Cocktail_PantryUITests.xctest */;
			productType = "com.apple.product-type.bundle.ui-testing";
		};
/* End PBXNativeTarget section */

/* Begin PBXProject section */
		5D0F9E6128344FC400B99F98 /* Project object */ = {
			isa = PBXProject;
			attributes = {
				BuildIndependentTargetsInParallel = 1;
				LastSwiftUpdateCheck = 1320;
				LastUpgradeCheck = 1320;
				TargetAttributes = {
					5D0F9E6828344FC400B99F98 = {
						CreatedOnToolsVersion = 13.2.1;
					};
					5D0F9E7828344FC400B99F98 = {
						CreatedOnToolsVersion = 13.2.1;
						TestTargetID = 5D0F9E6828344FC400B99F98;
					};
					5D0F9E8228344FC400B99F98 = {
						CreatedOnToolsVersion = 13.2.1;
						TestTargetID = 5D0F9E6828344FC400B99F98;
					};
				};
			};
			buildConfigurationList = 5D0F9E6428344FC400B99F98 /* Build configuration list for PBXProject "Cocktail_Pantry" */;
			compatibilityVersion = "Xcode 13.0";
			developmentRegion = en;
			hasScannedForEncodings = 0;
			knownRegions = (
				en,
				Base,
			);
			mainGroup = 5D0F9E6028344FC400B99F98;
			packageReferences = (
				5DBEFB58283DAF0A0006C326 /* XCRemoteSwiftPackageReference "YouTubePlayerKit" */,
				5D9C4E9A284EB58C00241202 /* XCRemoteSwiftPackageReference "Disk" */,
			);
			productRefGroup = 5D0F9E6A28344FC400B99F98 /* Products */;
			projectDirPath = "";
			projectRoot = "";
			targets = (
				5D0F9E6828344FC400B99F98 /* Cocktail_Pantry */,
				5D0F9E7828344FC400B99F98 /* Cocktail_PantryTests */,
				5D0F9E8228344FC400B99F98 /* Cocktail_PantryUITests */,
			);
		};
/* End PBXProject section */

/* Begin PBXResourcesBuildPhase section */
		5D0F9E6728344FC400B99F98 /* Resources */ = {
			isa = PBXResourcesBuildPhase;
			buildActionMask = 2147483647;
			files = (
				5D0F9E7428344FC400B99F98 /* Preview Assets.xcassets in Resources */,
				5D984F9929352BE300FF3A5F /* ActualLaunchScreen.storyboard in Resources */,
				5D34F94C2942812E00F669E4 /* Teko-Medium.ttf in Resources */,
				5D71CAD1292FF0E900C88B81 /* TestTips.storekit in Resources */,
				5D34F94E2942812E00F669E4 /* Teko-SemiBold.ttf in Resources */,
				5D0F9E7128344FC400B99F98 /* Assets.xcassets in Resources */,
				5D34F94F2942812E00F669E4 /* Teko-Regular.ttf in Resources */,
				5D34F94B2942812E00F669E4 /* Teko-Light.ttf in Resources */,
				5D34F94D2942812E00F669E4 /* Teko-Bold.ttf in Resources */,
			);
			runOnlyForDeploymentPostprocessing = 0;
		};
		5D0F9E7728344FC400B99F98 /* Resources */ = {
			isa = PBXResourcesBuildPhase;
			buildActionMask = 2147483647;
			files = (
			);
			runOnlyForDeploymentPostprocessing = 0;
		};
		5D0F9E8128344FC400B99F98 /* Resources */ = {
			isa = PBXResourcesBuildPhase;
			buildActionMask = 2147483647;
			files = (
			);
			runOnlyForDeploymentPostprocessing = 0;
		};
/* End PBXResourcesBuildPhase section */

/* Begin PBXSourcesBuildPhase section */
		5D0F9E6528344FC400B99F98 /* Sources */ = {
			isa = PBXSourcesBuildPhase;
			buildActionMask = 2147483647;
			files = (
				5D0F9E6F28344FC400B99F98 /* ContentView.swift in Sources */,
				5DE4DD45295CB083007F9C70 /* AllIngredientsPage.swift in Sources */,
				5D9C4E9E284F113900241202 /* TipView.swift in Sources */,
				5DBEFB55283DAD4B0006C326 /* CocktailCard.swift in Sources */,
				5D34F93E2938327F00F669E4 /* ExploreTab.swift in Sources */,
				5DD504392845634B0095CEE1 /* SimpleSearchPage.swift in Sources */,
				5D0F9E6D28344FC400B99F98 /* Cocktail_PantryApp.swift in Sources */,
				5D0F9E9728344FF500B99F98 /* Global Structs+Enums.swift in Sources */,
				5DBEFB57283DAE170006C326 /* CocktailPage.swift in Sources */,
				5D34F940293832F700F669E4 /* PhotoOnlyCard.swift in Sources */,
				5D1E920629296ED300A04345 /* ImagePlaceholder.swift in Sources */,
				5D34F93C29370A8500F669E4 /* SavedTab.swift in Sources */,
				5D34F93A2936FB9700F669E4 /* StoreTab.swift in Sources */,
				5D0F9E9F2836BFB900B99F98 /* IngredientSelectList.swift in Sources */,
				5D06EB68290EE73300FAA456 /* VideoPlayerOverlay.swift in Sources */,
				5D34F942293D001700F669E4 /* CustomAsyncImage.swift in Sources */,
				5D0F9E99283486F400B99F98 /* Model.swift in Sources */,
				5D34F9522942AFFF00F669E4 /* Font add-ons.swift in Sources */,
				5D0F9E9D2836BB5800B99F98 /* ViewModel.swift in Sources */,
				5DD5043B284567610095CEE1 /* ChangeableFilteringList.swift in Sources */,
				5D0F9E9B2836B5D800B99F98 /* Array Extention.swift in Sources */,
				5D34F944293FA30F00F669E4 /* HomeTab.swift in Sources */,
				5DED7CEF2922B5C400112DA5 /* TipViewV2.swift in Sources */,
			);
			runOnlyForDeploymentPostprocessing = 0;
		};
		5D0F9E7528344FC400B99F98 /* Sources */ = {
			isa = PBXSourcesBuildPhase;
			buildActionMask = 2147483647;
			files = (
				5D0F9E7E28344FC400B99F98 /* Cocktail_PantryTests.swift in Sources */,
			);
			runOnlyForDeploymentPostprocessing = 0;
		};
		5D0F9E7F28344FC400B99F98 /* Sources */ = {
			isa = PBXSourcesBuildPhase;
			buildActionMask = 2147483647;
			files = (
				5D0F9E8A28344FC400B99F98 /* Cocktail_PantryUITestsLaunchTests.swift in Sources */,
				5D0F9E8828344FC400B99F98 /* Cocktail_PantryUITests.swift in Sources */,
			);
			runOnlyForDeploymentPostprocessing = 0;
		};
/* End PBXSourcesBuildPhase section */

/* Begin PBXTargetDependency section */
		5D0F9E7B28344FC400B99F98 /* PBXTargetDependency */ = {
			isa = PBXTargetDependency;
			target = 5D0F9E6828344FC400B99F98 /* Cocktail_Pantry */;
			targetProxy = 5D0F9E7A28344FC400B99F98 /* PBXContainerItemProxy */;
		};
		5D0F9E8528344FC400B99F98 /* PBXTargetDependency */ = {
			isa = PBXTargetDependency;
			target = 5D0F9E6828344FC400B99F98 /* Cocktail_Pantry */;
			targetProxy = 5D0F9E8428344FC400B99F98 /* PBXContainerItemProxy */;
		};
/* End PBXTargetDependency section */

/* Begin XCBuildConfiguration section */
		5D0F9E8B28344FC400B99F98 /* Debug */ = {
			isa = XCBuildConfiguration;
			buildSettings = {
				ALWAYS_SEARCH_USER_PATHS = NO;
				CLANG_ANALYZER_NONNULL = YES;
				CLANG_ANALYZER_NUMBER_OBJECT_CONVERSION = YES_AGGRESSIVE;
				CLANG_CXX_LANGUAGE_STANDARD = "gnu++17";
				CLANG_CXX_LIBRARY = "libc++";
				CLANG_ENABLE_MODULES = YES;
				CLANG_ENABLE_OBJC_ARC = YES;
				CLANG_ENABLE_OBJC_WEAK = YES;
				CLANG_WARN_BLOCK_CAPTURE_AUTORELEASING = YES;
				CLANG_WARN_BOOL_CONVERSION = YES;
				CLANG_WARN_COMMA = YES;
				CLANG_WARN_CONSTANT_CONVERSION = YES;
				CLANG_WARN_DEPRECATED_OBJC_IMPLEMENTATIONS = YES;
				CLANG_WARN_DIRECT_OBJC_ISA_USAGE = YES_ERROR;
				CLANG_WARN_DOCUMENTATION_COMMENTS = YES;
				CLANG_WARN_EMPTY_BODY = YES;
				CLANG_WARN_ENUM_CONVERSION = YES;
				CLANG_WARN_INFINITE_RECURSION = YES;
				CLANG_WARN_INT_CONVERSION = YES;
				CLANG_WARN_NON_LITERAL_NULL_CONVERSION = YES;
				CLANG_WARN_OBJC_IMPLICIT_RETAIN_SELF = YES;
				CLANG_WARN_OBJC_LITERAL_CONVERSION = YES;
				CLANG_WARN_OBJC_ROOT_CLASS = YES_ERROR;
				CLANG_WARN_QUOTED_INCLUDE_IN_FRAMEWORK_HEADER = YES;
				CLANG_WARN_RANGE_LOOP_ANALYSIS = YES;
				CLANG_WARN_STRICT_PROTOTYPES = YES;
				CLANG_WARN_SUSPICIOUS_MOVE = YES;
				CLANG_WARN_UNGUARDED_AVAILABILITY = YES_AGGRESSIVE;
				CLANG_WARN_UNREACHABLE_CODE = YES;
				CLANG_WARN__DUPLICATE_METHOD_MATCH = YES;
				COPY_PHASE_STRIP = NO;
				DEBUG_INFORMATION_FORMAT = dwarf;
				ENABLE_STRICT_OBJC_MSGSEND = YES;
				ENABLE_TESTABILITY = YES;
				GCC_C_LANGUAGE_STANDARD = gnu11;
				GCC_DYNAMIC_NO_PIC = NO;
				GCC_NO_COMMON_BLOCKS = YES;
				GCC_OPTIMIZATION_LEVEL = 0;
				GCC_PREPROCESSOR_DEFINITIONS = (
					"DEBUG=1",
					"$(inherited)",
				);
				GCC_WARN_64_TO_32_BIT_CONVERSION = YES;
				GCC_WARN_ABOUT_RETURN_TYPE = YES_ERROR;
				GCC_WARN_UNDECLARED_SELECTOR = YES;
				GCC_WARN_UNINITIALIZED_AUTOS = YES_AGGRESSIVE;
				GCC_WARN_UNUSED_FUNCTION = YES;
				GCC_WARN_UNUSED_VARIABLE = YES;
				INFOPLIST_KEY_UISupportedInterfaceOrientations_iPhone = "";
				IPHONEOS_DEPLOYMENT_TARGET = 15.2;
				MTL_ENABLE_DEBUG_INFO = INCLUDE_SOURCE;
				MTL_FAST_MATH = YES;
				ONLY_ACTIVE_ARCH = YES;
				SDKROOT = iphoneos;
				SWIFT_ACTIVE_COMPILATION_CONDITIONS = DEBUG;
				SWIFT_OPTIMIZATION_LEVEL = "-Onone";
			};
			name = Debug;
		};
		5D0F9E8C28344FC400B99F98 /* Release */ = {
			isa = XCBuildConfiguration;
			buildSettings = {
				ALWAYS_SEARCH_USER_PATHS = NO;
				CLANG_ANALYZER_NONNULL = YES;
				CLANG_ANALYZER_NUMBER_OBJECT_CONVERSION = YES_AGGRESSIVE;
				CLANG_CXX_LANGUAGE_STANDARD = "gnu++17";
				CLANG_CXX_LIBRARY = "libc++";
				CLANG_ENABLE_MODULES = YES;
				CLANG_ENABLE_OBJC_ARC = YES;
				CLANG_ENABLE_OBJC_WEAK = YES;
				CLANG_WARN_BLOCK_CAPTURE_AUTORELEASING = YES;
				CLANG_WARN_BOOL_CONVERSION = YES;
				CLANG_WARN_COMMA = YES;
				CLANG_WARN_CONSTANT_CONVERSION = YES;
				CLANG_WARN_DEPRECATED_OBJC_IMPLEMENTATIONS = YES;
				CLANG_WARN_DIRECT_OBJC_ISA_USAGE = YES_ERROR;
				CLANG_WARN_DOCUMENTATION_COMMENTS = YES;
				CLANG_WARN_EMPTY_BODY = YES;
				CLANG_WARN_ENUM_CONVERSION = YES;
				CLANG_WARN_INFINITE_RECURSION = YES;
				CLANG_WARN_INT_CONVERSION = YES;
				CLANG_WARN_NON_LITERAL_NULL_CONVERSION = YES;
				CLANG_WARN_OBJC_IMPLICIT_RETAIN_SELF = YES;
				CLANG_WARN_OBJC_LITERAL_CONVERSION = YES;
				CLANG_WARN_OBJC_ROOT_CLASS = YES_ERROR;
				CLANG_WARN_QUOTED_INCLUDE_IN_FRAMEWORK_HEADER = YES;
				CLANG_WARN_RANGE_LOOP_ANALYSIS = YES;
				CLANG_WARN_STRICT_PROTOTYPES = YES;
				CLANG_WARN_SUSPICIOUS_MOVE = YES;
				CLANG_WARN_UNGUARDED_AVAILABILITY = YES_AGGRESSIVE;
				CLANG_WARN_UNREACHABLE_CODE = YES;
				CLANG_WARN__DUPLICATE_METHOD_MATCH = YES;
				COPY_PHASE_STRIP = NO;
				DEBUG_INFORMATION_FORMAT = "dwarf-with-dsym";
				ENABLE_NS_ASSERTIONS = NO;
				ENABLE_STRICT_OBJC_MSGSEND = YES;
				GCC_C_LANGUAGE_STANDARD = gnu11;
				GCC_NO_COMMON_BLOCKS = YES;
				GCC_WARN_64_TO_32_BIT_CONVERSION = YES;
				GCC_WARN_ABOUT_RETURN_TYPE = YES_ERROR;
				GCC_WARN_UNDECLARED_SELECTOR = YES;
				GCC_WARN_UNINITIALIZED_AUTOS = YES_AGGRESSIVE;
				GCC_WARN_UNUSED_FUNCTION = YES;
				GCC_WARN_UNUSED_VARIABLE = YES;
				INFOPLIST_KEY_UISupportedInterfaceOrientations_iPhone = "";
				IPHONEOS_DEPLOYMENT_TARGET = 15.2;
				MTL_ENABLE_DEBUG_INFO = NO;
				MTL_FAST_MATH = YES;
				SDKROOT = iphoneos;
				SWIFT_COMPILATION_MODE = wholemodule;
				SWIFT_OPTIMIZATION_LEVEL = "-O";
				VALIDATE_PRODUCT = YES;
			};
			name = Release;
		};
		5D0F9E8E28344FC400B99F98 /* Debug */ = {
			isa = XCBuildConfiguration;
			buildSettings = {
				ASSETCATALOG_COMPILER_APPICON_NAME = AppIcon;
				ASSETCATALOG_COMPILER_GLOBAL_ACCENT_COLOR_NAME = AccentColor;
				CODE_SIGN_STYLE = Automatic;
				CURRENT_PROJECT_VERSION = 4;
				DEVELOPMENT_ASSET_PATHS = "\"Cocktail_Pantry/Preview Content\"";
				DEVELOPMENT_TEAM = ZNDBCTRF4C;
				ENABLE_PREVIEWS = YES;
				GENERATE_INFOPLIST_FILE = YES;
				INFOPLIST_FILE = "Cocktail-Pantry-Info.plist";
				INFOPLIST_KEY_LSApplicationCategoryType = "public.app-category.food-and-drink";
				INFOPLIST_KEY_UIApplicationSceneManifest_Generation = YES;
				INFOPLIST_KEY_UIApplicationSupportsIndirectInputEvents = YES;
				INFOPLIST_KEY_UILaunchScreen_Generation = YES;
				INFOPLIST_KEY_UILaunchStoryboardName = ActualLaunchScreen.storyboard;
				INFOPLIST_KEY_UIStatusBarStyle = "";
				INFOPLIST_KEY_UISupportedInterfaceOrientations_iPad = "UIInterfaceOrientationPortrait UIInterfaceOrientationPortraitUpsideDown UIInterfaceOrientationLandscapeLeft UIInterfaceOrientationLandscapeRight";
				INFOPLIST_KEY_UISupportedInterfaceOrientations_iPhone = UIInterfaceOrientationPortrait;
				INFOPLIST_KEY_UIUserInterfaceStyle = Light;
				LD_RUNPATH_SEARCH_PATHS = (
					"$(inherited)",
					"@executable_path/Frameworks",
				);
				MARKETING_VERSION = 0.1.0;
				PRODUCT_BUNDLE_IDENTIFIER = "Nadav-Omer.Cocktail-Pantry";
				PRODUCT_NAME = "$(TARGET_NAME)";
				SUPPORTED_PLATFORMS = "iphoneos iphonesimulator";
				SUPPORTS_MACCATALYST = NO;
				SUPPORTS_MAC_DESIGNED_FOR_IPHONE_IPAD = NO;
				SWIFT_EMIT_LOC_STRINGS = YES;
				SWIFT_VERSION = 5.0;
				TARGETED_DEVICE_FAMILY = "1,2";
			};
			name = Debug;
		};
		5D0F9E8F28344FC400B99F98 /* Release */ = {
			isa = XCBuildConfiguration;
			buildSettings = {
				ASSETCATALOG_COMPILER_APPICON_NAME = AppIcon;
				ASSETCATALOG_COMPILER_GLOBAL_ACCENT_COLOR_NAME = AccentColor;
				CODE_SIGN_STYLE = Automatic;
				CURRENT_PROJECT_VERSION = 4;
				DEVELOPMENT_ASSET_PATHS = "\"Cocktail_Pantry/Preview Content\"";
				DEVELOPMENT_TEAM = ZNDBCTRF4C;
				ENABLE_PREVIEWS = YES;
				GENERATE_INFOPLIST_FILE = YES;
				INFOPLIST_FILE = "Cocktail-Pantry-Info.plist";
				INFOPLIST_KEY_LSApplicationCategoryType = "public.app-category.food-and-drink";
				INFOPLIST_KEY_UIApplicationSceneManifest_Generation = YES;
				INFOPLIST_KEY_UIApplicationSupportsIndirectInputEvents = YES;
				INFOPLIST_KEY_UILaunchScreen_Generation = YES;
				INFOPLIST_KEY_UILaunchStoryboardName = ActualLaunchScreen.storyboard;
				INFOPLIST_KEY_UIStatusBarStyle = "";
				INFOPLIST_KEY_UISupportedInterfaceOrientations_iPad = "UIInterfaceOrientationPortrait UIInterfaceOrientationPortraitUpsideDown UIInterfaceOrientationLandscapeLeft UIInterfaceOrientationLandscapeRight";
				INFOPLIST_KEY_UISupportedInterfaceOrientations_iPhone = UIInterfaceOrientationPortrait;
				INFOPLIST_KEY_UIUserInterfaceStyle = Light;
				LD_RUNPATH_SEARCH_PATHS = (
					"$(inherited)",
					"@executable_path/Frameworks",
				);
				MARKETING_VERSION = 0.1.0;
				PRODUCT_BUNDLE_IDENTIFIER = "Nadav-Omer.Cocktail-Pantry";
				PRODUCT_NAME = "$(TARGET_NAME)";
				SUPPORTED_PLATFORMS = "iphoneos iphonesimulator";
				SUPPORTS_MACCATALYST = NO;
				SUPPORTS_MAC_DESIGNED_FOR_IPHONE_IPAD = NO;
				SWIFT_EMIT_LOC_STRINGS = YES;
				SWIFT_VERSION = 5.0;
				TARGETED_DEVICE_FAMILY = "1,2";
			};
			name = Release;
		};
		5D0F9E9128344FC400B99F98 /* Debug */ = {
			isa = XCBuildConfiguration;
			buildSettings = {
				ALWAYS_EMBED_SWIFT_STANDARD_LIBRARIES = YES;
				BUNDLE_LOADER = "$(TEST_HOST)";
				CODE_SIGN_STYLE = Automatic;
				CURRENT_PROJECT_VERSION = 1;
				DEVELOPMENT_TEAM = ZNDBCTRF4C;
				GENERATE_INFOPLIST_FILE = YES;
				IPHONEOS_DEPLOYMENT_TARGET = 15.2;
				MARKETING_VERSION = 1.0;
				PRODUCT_BUNDLE_IDENTIFIER = "Nadav-Omer.Cocktail-PantryTests";
				PRODUCT_NAME = "$(TARGET_NAME)";
				SWIFT_EMIT_LOC_STRINGS = NO;
				SWIFT_VERSION = 5.0;
				TARGETED_DEVICE_FAMILY = "1,2";
				TEST_HOST = "$(BUILT_PRODUCTS_DIR)/Cocktail_Pantry.app/Cocktail_Pantry";
			};
			name = Debug;
		};
		5D0F9E9228344FC400B99F98 /* Release */ = {
			isa = XCBuildConfiguration;
			buildSettings = {
				ALWAYS_EMBED_SWIFT_STANDARD_LIBRARIES = YES;
				BUNDLE_LOADER = "$(TEST_HOST)";
				CODE_SIGN_STYLE = Automatic;
				CURRENT_PROJECT_VERSION = 1;
				DEVELOPMENT_TEAM = ZNDBCTRF4C;
				GENERATE_INFOPLIST_FILE = YES;
				IPHONEOS_DEPLOYMENT_TARGET = 15.2;
				MARKETING_VERSION = 1.0;
				PRODUCT_BUNDLE_IDENTIFIER = "Nadav-Omer.Cocktail-PantryTests";
				PRODUCT_NAME = "$(TARGET_NAME)";
				SWIFT_EMIT_LOC_STRINGS = NO;
				SWIFT_VERSION = 5.0;
				TARGETED_DEVICE_FAMILY = "1,2";
				TEST_HOST = "$(BUILT_PRODUCTS_DIR)/Cocktail_Pantry.app/Cocktail_Pantry";
			};
			name = Release;
		};
		5D0F9E9428344FC400B99F98 /* Debug */ = {
			isa = XCBuildConfiguration;
			buildSettings = {
				ALWAYS_EMBED_SWIFT_STANDARD_LIBRARIES = YES;
				CODE_SIGN_STYLE = Automatic;
				CURRENT_PROJECT_VERSION = 1;
				DEVELOPMENT_TEAM = ZNDBCTRF4C;
				GENERATE_INFOPLIST_FILE = YES;
				MARKETING_VERSION = 1.0;
				PRODUCT_BUNDLE_IDENTIFIER = "Nadav-Omer.Cocktail-PantryUITests";
				PRODUCT_NAME = "$(TARGET_NAME)";
				SWIFT_EMIT_LOC_STRINGS = NO;
				SWIFT_VERSION = 5.0;
				TARGETED_DEVICE_FAMILY = "1,2";
				TEST_TARGET_NAME = Cocktail_Pantry;
			};
			name = Debug;
		};
		5D0F9E9528344FC400B99F98 /* Release */ = {
			isa = XCBuildConfiguration;
			buildSettings = {
				ALWAYS_EMBED_SWIFT_STANDARD_LIBRARIES = YES;
				CODE_SIGN_STYLE = Automatic;
				CURRENT_PROJECT_VERSION = 1;
				DEVELOPMENT_TEAM = ZNDBCTRF4C;
				GENERATE_INFOPLIST_FILE = YES;
				MARKETING_VERSION = 1.0;
				PRODUCT_BUNDLE_IDENTIFIER = "Nadav-Omer.Cocktail-PantryUITests";
				PRODUCT_NAME = "$(TARGET_NAME)";
				SWIFT_EMIT_LOC_STRINGS = NO;
				SWIFT_VERSION = 5.0;
				TARGETED_DEVICE_FAMILY = "1,2";
				TEST_TARGET_NAME = Cocktail_Pantry;
			};
			name = Release;
		};
/* End XCBuildConfiguration section */

/* Begin XCConfigurationList section */
		5D0F9E6428344FC400B99F98 /* Build configuration list for PBXProject "Cocktail_Pantry" */ = {
			isa = XCConfigurationList;
			buildConfigurations = (
				5D0F9E8B28344FC400B99F98 /* Debug */,
				5D0F9E8C28344FC400B99F98 /* Release */,
			);
			defaultConfigurationIsVisible = 0;
			defaultConfigurationName = Release;
		};
		5D0F9E8D28344FC400B99F98 /* Build configuration list for PBXNativeTarget "Cocktail_Pantry" */ = {
			isa = XCConfigurationList;
			buildConfigurations = (
				5D0F9E8E28344FC400B99F98 /* Debug */,
				5D0F9E8F28344FC400B99F98 /* Release */,
			);
			defaultConfigurationIsVisible = 0;
			defaultConfigurationName = Release;
		};
		5D0F9E9028344FC400B99F98 /* Build configuration list for PBXNativeTarget "Cocktail_PantryTests" */ = {
			isa = XCConfigurationList;
			buildConfigurations = (
				5D0F9E9128344FC400B99F98 /* Debug */,
				5D0F9E9228344FC400B99F98 /* Release */,
			);
			defaultConfigurationIsVisible = 0;
			defaultConfigurationName = Release;
		};
		5D0F9E9328344FC400B99F98 /* Build configuration list for PBXNativeTarget "Cocktail_PantryUITests" */ = {
			isa = XCConfigurationList;
			buildConfigurations = (
				5D0F9E9428344FC400B99F98 /* Debug */,
				5D0F9E9528344FC400B99F98 /* Release */,
			);
			defaultConfigurationIsVisible = 0;
			defaultConfigurationName = Release;
		};
/* End XCConfigurationList section */

/* Begin XCRemoteSwiftPackageReference section */
		5D9C4E9A284EB58C00241202 /* XCRemoteSwiftPackageReference "Disk" */ = {
			isa = XCRemoteSwiftPackageReference;
			repositoryURL = "https://github.com/saoudrizwan/Disk";
			requirement = {
				kind = upToNextMajorVersion;
				minimumVersion = 0.6.4;
			};
		};
		5DBEFB58283DAF0A0006C326 /* XCRemoteSwiftPackageReference "YouTubePlayerKit" */ = {
			isa = XCRemoteSwiftPackageReference;
			repositoryURL = "https://github.com/SvenTiigi/YouTubePlayerKit";
			requirement = {
				kind = upToNextMajorVersion;
				minimumVersion = 1.0.0;
			};
		};
/* End XCRemoteSwiftPackageReference section */

/* Begin XCSwiftPackageProductDependency section */
		5D9C4E9B284EB58C00241202 /* Disk */ = {
			isa = XCSwiftPackageProductDependency;
			package = 5D9C4E9A284EB58C00241202 /* XCRemoteSwiftPackageReference "Disk" */;
			productName = Disk;
		};
		5DBEFB59283DAF0A0006C326 /* YouTubePlayerKit */ = {
			isa = XCSwiftPackageProductDependency;
			package = 5DBEFB58283DAF0A0006C326 /* XCRemoteSwiftPackageReference "YouTubePlayerKit" */;
			productName = YouTubePlayerKit;
		};
/* End XCSwiftPackageProductDependency section */
	};
	rootObject = 5D0F9E6128344FC400B99F98 /* Project object */;
}
